
Microsoft Visual Studio Solution File, Format Version 12.00
# Visual Studio Version 16
VisualStudioVersion = 16.0.30524.135
MinimumVisualStudioVersion = 10.0.40219.1
Project("{FAE04EC0-301F-11D3-BF4B-00C04F79EFBC}") = "noSQL_liteDB", "noSQL_liteDB\noSQL_liteDB.csproj", "{DDA04D41-A568-47D8-B4EF-238F9F0B4CE1}"
EndProject
Global
	GlobalSection(SolutionConfigurationPlatforms) = preSolution
		Debug|Any CPU = Debug|Any CPU
		Release|Any CPU = Release|Any CPU
	EndGlobalSection
	GlobalSection(ProjectConfigurationPlatforms) = postSolution
		{DDA04D41-A568-47D8-B4EF-238F9F0B4CE1}.Debug|Any CPU.ActiveCfg = Debug|Any CPU
		{DDA04D41-A568-47D8-B4EF-238F9F0B4CE1}.Debug|Any CPU.Build.0 = Debug|Any CPU
		{DDA04D41-A568-47D8-B4EF-238F9F0B4CE1}.Release|Any CPU.ActiveCfg = Release|Any CPU
		{DDA04D41-A568-47D8-B4EF-238F9F0B4CE1}.Release|Any CPU.Build.0 = Release|Any CPU
	EndGlobalSection
	GlobalSection(SolutionProperties) = preSolution
		HideSolutionNode = FALSE
	EndGlobalSection
	GlobalSection(ExtensibilityGlobals) = postSolution
		SolutionGuid = {62A74069-9F17-4746-A3B7-D826A749C4F1}
	EndGlobalSection
EndGlobal
