
Microsoft Visual Studio Solution File, Format Version 12.00
# Visual Studio Version 16
VisualStudioVersion = 16.0.30524.135
MinimumVisualStudioVersion = 10.0.40219.1
Project("{FAE04EC0-301F-11D3-BF4B-00C04F79EFBC}") = "HalloTPL", "HalloTPL\HalloTPL.csproj", "{CE757B47-4EBB-44CE-B84A-156203671804}"
EndProject
Global
	GlobalSection(SolutionConfigurationPlatforms) = preSolution
		Debug|Any CPU = Debug|Any CPU
		Release|Any CPU = Release|Any CPU
	EndGlobalSection
	GlobalSection(ProjectConfigurationPlatforms) = postSolution
		{CE757B47-4EBB-44CE-B84A-156203671804}.Debug|Any CPU.ActiveCfg = Debug|Any CPU
		{CE757B47-4EBB-44CE-B84A-156203671804}.Debug|Any CPU.Build.0 = Debug|Any CPU
		{CE757B47-4EBB-44CE-B84A-156203671804}.Release|Any CPU.ActiveCfg = Release|Any CPU
		{CE757B47-4EBB-44CE-B84A-156203671804}.Release|Any CPU.Build.0 = Release|Any CPU
	EndGlobalSection
	GlobalSection(SolutionProperties) = preSolution
		HideSolutionNode = FALSE
	EndGlobalSection
	GlobalSection(ExtensibilityGlobals) = postSolution
		SolutionGuid = {EAA73F3C-E274-4202-8349-B4F5CE51919A}
	EndGlobalSection
EndGlobal
