
Microsoft Visual Studio Solution File, Format Version 12.00
# Visual Studio Version 16
VisualStudioVersion = 16.0.30523.141
MinimumVisualStudioVersion = 10.0.40219.1
Project("{FAE04EC0-301F-11D3-BF4B-00C04F79EFBC}") = "WpfApp1", "WpfApp1\WpfApp1.csproj", "{E101331B-B4EB-48E7-8D4B-19584241BF18}"
EndProject
Global
	GlobalSection(SolutionConfigurationPlatforms) = preSolution
		Debug|Any CPU = Debug|Any CPU
		Release|Any CPU = Release|Any CPU
	EndGlobalSection
	GlobalSection(ProjectConfigurationPlatforms) = postSolution
		{E101331B-B4EB-48E7-8D4B-19584241BF18}.Debug|Any CPU.ActiveCfg = Debug|Any CPU
		{E101331B-B4EB-48E7-8D4B-19584241BF18}.Debug|Any CPU.Build.0 = Debug|Any CPU
		{E101331B-B4EB-48E7-8D4B-19584241BF18}.Release|Any CPU.ActiveCfg = Release|Any CPU
		{E101331B-B4EB-48E7-8D4B-19584241BF18}.Release|Any CPU.Build.0 = Release|Any CPU
	EndGlobalSection
	GlobalSection(SolutionProperties) = preSolution
		HideSolutionNode = FALSE
	EndGlobalSection
	GlobalSection(ExtensibilityGlobals) = postSolution
		SolutionGuid = {8D0F703C-4448-4B54-8BFB-1D610F1529FC}
	EndGlobalSection
EndGlobal
